
Microsoft Visual Studio Solution File, Format Version 12.00
# Visual Studio Express 2012 for Windows Desktop
Project("{FAE04EC0-301F-11D3-BF4B-00C04F79EFBC}") = "Core", "Core\Core.csproj", "{63566C65-05F7-4C68-87DE-FDB7F83CD394}"
EndProject
Project("{FAE04EC0-301F-11D3-BF4B-00C04F79EFBC}") = "Tests", "Tests\Tests.csproj", "{33B82912-EEDD-475E-B571-8031117EFF96}"
EndProject
Global
	GlobalSection(SolutionConfigurationPlatforms) = preSolution
		Debug|Any CPU = Debug|Any CPU
		Release|Any CPU = Release|Any CPU
	EndGlobalSection
	GlobalSection(ProjectConfigurationPlatforms) = postSolution
		{63566C65-05F7-4C68-87DE-FDB7F83CD394}.Debug|Any CPU.ActiveCfg = Debug|Any CPU
		{63566C65-05F7-4C68-87DE-FDB7F83CD394}.Debug|Any CPU.Build.0 = Debug|Any CPU
		{63566C65-05F7-4C68-87DE-FDB7F83CD394}.Release|Any CPU.ActiveCfg = Release|Any CPU
		{63566C65-05F7-4C68-87DE-FDB7F83CD394}.Release|Any CPU.Build.0 = Release|Any CPU
		{33B82912-EEDD-475E-B571-8031117EFF96}.Debug|Any CPU.ActiveCfg = Debug|Any CPU
		{33B82912-EEDD-475E-B571-8031117EFF96}.Debug|Any CPU.Build.0 = Debug|Any CPU
		{33B82912-EEDD-475E-B571-8031117EFF96}.Release|Any CPU.ActiveCfg = Release|Any CPU
		{33B82912-EEDD-475E-B571-8031117EFF96}.Release|Any CPU.Build.0 = Release|Any CPU
	EndGlobalSection
	GlobalSection(SolutionProperties) = preSolution
		HideSolutionNode = FALSE
	EndGlobalSection
EndGlobal
